
Microsoft Visual Studio Solution File, Format Version 12.00
# Visual Studio 15
VisualStudioVersion = 15.0.27428.2015
MinimumVisualStudioVersion = 10.0.40219.1
Project("{FAE04EC0-301F-11D3-BF4B-00C04F79EFBC}") = "CatGame", "CatGame\CatGame.csproj", "{2438FF53-4B21-4D1F-84A2-35DDEA205C6D}"
EndProject
Global
	GlobalSection(SolutionConfigurationPlatforms) = preSolution
		Debug|Any CPU = Debug|Any CPU
		Release|Any CPU = Release|Any CPU
	EndGlobalSection
	GlobalSection(ProjectConfigurationPlatforms) = postSolution
		{2438FF53-4B21-4D1F-84A2-35DDEA205C6D}.Debug|Any CPU.ActiveCfg = Debug|Any CPU
		{2438FF53-4B21-4D1F-84A2-35DDEA205C6D}.Debug|Any CPU.Build.0 = Debug|Any CPU
		{2438FF53-4B21-4D1F-84A2-35DDEA205C6D}.Release|Any CPU.ActiveCfg = Release|Any CPU
		{2438FF53-4B21-4D1F-84A2-35DDEA205C6D}.Release|Any CPU.Build.0 = Release|Any CPU
	EndGlobalSection
	GlobalSection(SolutionProperties) = preSolution
		HideSolutionNode = FALSE
	EndGlobalSection
	GlobalSection(ExtensibilityGlobals) = postSolution
		SolutionGuid = {8C0D2252-D374-4E3C-9E40-95D900FFB3A4}
	EndGlobalSection
EndGlobal
